// !$*UTF8*$!
{
	archiveVersion = 1;
	classes = {
	};
	objectVersion = 55;
	objects = {

/* Begin PBXBuildFile section */
		FA624C952A4B6E8000705F19 /* AppDelegate.swift in Sources */ = {isa = PBXBuildFile; fileRef = FA624C942A4B6E8000705F19 /* AppDelegate.swift */; };
		FA624C972A4B6E8000705F19 /* SceneDelegate.swift in Sources */ = {isa = PBXBuildFile; fileRef = FA624C962A4B6E8000705F19 /* SceneDelegate.swift */; };
		FA624C992A4B6E8000705F19 /* ViewController.swift in Sources */ = {isa = PBXBuildFile; fileRef = FA624C982A4B6E8000705F19 /* ViewController.swift */; };
		FA624C9C2A4B6E8000705F19 /* Main.storyboard in Resources */ = {isa = PBXBuildFile; fileRef = FA624C9A2A4B6E8000705F19 /* Main.storyboard */; };
		FA624C9E2A4B6E8500705F19 /* Assets.xcassets in Resources */ = {isa = PBXBuildFile; fileRef = FA624C9D2A4B6E8500705F19 /* Assets.xcassets */; };
		FA624CA12A4B6E8500705F19 /* LaunchScreen.storyboard in Resources */ = {isa = PBXBuildFile; fileRef = FA624C9F2A4B6E8500705F19 /* LaunchScreen.storyboard */; };
		FA624CAC2A4B6E8500705F19 /* WebViewTests.swift in Sources */ = {isa = PBXBuildFile; fileRef = FA624CAB2A4B6E8500705F19 /* WebViewTests.swift */; };
		FA624CB62A4B6E8500705F19 /* WebViewUITests.swift in Sources */ = {isa = PBXBuildFile; fileRef = FA624CB52A4B6E8500705F19 /* WebViewUITests.swift */; };
		FA624CB82A4B6E8500705F19 /* WebViewUITestsLaunchTests.swift in Sources */ = {isa = PBXBuildFile; fileRef = FA624CB72A4B6E8500705F19 /* WebViewUITestsLaunchTests.swift */; };
/* End PBXBuildFile section */

/* Begin PBXContainerItemProxy section */
		FA624CA82A4B6E8500705F19 /* PBXContainerItemProxy */ = {
			isa = PBXContainerItemProxy;
			containerPortal = FA624C892A4B6E8000705F19 /* Project object */;
			proxyType = 1;
			remoteGlobalIDString = FA624C902A4B6E8000705F19;
			remoteInfo = WebView;
		};
		FA624CB22A4B6E8500705F19 /* PBXContainerItemProxy */ = {
			isa = PBXContainerItemProxy;
			containerPortal = FA624C892A4B6E8000705F19 /* Project object */;
			proxyType = 1;
			remoteGlobalIDString = FA624C902A4B6E8000705F19;
			remoteInfo = WebView;
		};
/* End PBXContainerItemProxy section */

/* Begin PBXFileReference section */
		FA624C912A4B6E8000705F19 /* WebView.app */ = {isa = PBXFileReference; explicitFileType = wrapper.application; includeInIndex = 0; path = WebView.app; sourceTree = BUILT_PRODUCTS_DIR; };
		FA624C942A4B6E8000705F19 /* AppDelegate.swift */ = {isa = PBXFileReference; lastKnownFileType = sourcecode.swift; path = AppDelegate.swift; sourceTree = "<group>"; };
		FA624C962A4B6E8000705F19 /* SceneDelegate.swift */ = {isa = PBXFileReference; lastKnownFileType = sourcecode.swift; path = SceneDelegate.swift; sourceTree = "<group>"; };
		FA624C982A4B6E8000705F19 /* ViewController.swift */ = {isa = PBXFileReference; lastKnownFileType = sourcecode.swift; path = ViewController.swift; sourceTree = "<group>"; };
		FA624C9B2A4B6E8000705F19 /* Base */ = {isa = PBXFileReference; lastKnownFileType = file.storyboard; name = Base; path = Base.lproj/Main.storyboard; sourceTree = "<group>"; };
		FA624C9D2A4B6E8500705F19 /* Assets.xcassets */ = {isa = PBXFileReference; lastKnownFileType = folder.assetcatalog; path = Assets.xcassets; sourceTree = "<group>"; };
		FA624CA02A4B6E8500705F19 /* Base */ = {isa = PBXFileReference; lastKnownFileType = file.storyboard; name = Base; path = Base.lproj/LaunchScreen.storyboard; sourceTree = "<group>"; };
		FA624CA22A4B6E8500705F19 /* Info.plist */ = {isa = PBXFileReference; lastKnownFileType = text.plist.xml; path = Info.plist; sourceTree = "<group>"; };
		FA624CA72A4B6E8500705F19 /* WebViewTests.xctest */ = {isa = PBXFileReference; explicitFileType = wrapper.cfbundle; includeInIndex = 0; path = WebViewTests.xctest; sourceTree = BUILT_PRODUCTS_DIR; };
		FA624CAB2A4B6E8500705F19 /* WebViewTests.swift */ = {isa = PBXFileReference; lastKnownFileType = sourcecode.swift; path = WebViewTests.swift; sourceTree = "<group>"; };
		FA624CB12A4B6E8500705F19 /* WebViewUITests.xctest */ = {isa = PBXFileReference; explicitFileType = wrapper.cfbundle; includeInIndex = 0; path = WebViewUITests.xctest; sourceTree = BUILT_PRODUCTS_DIR; };
		FA624CB52A4B6E8500705F19 /* WebViewUITests.swift */ = {isa = PBXFileReference; lastKnownFileType = sourcecode.swift; path = WebViewUITests.swift; sourceTree = "<group>"; };
		FA624CB72A4B6E8500705F19 /* WebViewUITestsLaunchTests.swift */ = {isa = PBXFileReference; lastKnownFileType = sourcecode.swift; path = WebViewUITestsLaunchTests.swift; sourceTree = "<group>"; };
/* End PBXFileReference section */

/* Begin PBXFrameworksBuildPhase section */
		FA624C8E2A4B6E8000705F19 /* Frameworks */ = {
			isa = PBXFrameworksBuildPhase;
			buildActionMask = 2147483647;
			files = (
			);
			runOnlyForDeploymentPostprocessing = 0;
		};
		FA624CA42A4B6E8500705F19 /* Frameworks */ = {
			isa = PBXFrameworksBuildPhase;
			buildActionMask = 2147483647;
			files = (
			);
			runOnlyForDeploymentPostprocessing = 0;
		};
		FA624CAE2A4B6E8500705F19 /* Frameworks */ = {
			isa = PBXFrameworksBuildPhase;
			buildActionMask = 2147483647;
			files = (
			);
			runOnlyForDeploymentPostprocessing = 0;
		};
/* End PBXFrameworksBuildPhase section */

/* Begin PBXGroup section */
		FA624C882A4B6E8000705F19 = {
			isa = PBXGroup;
			children = (
				FA624C932A4B6E8000705F19 /* WebView */,
				FA624CAA2A4B6E8500705F19 /* WebViewTests */,
				FA624CB42A4B6E8500705F19 /* WebViewUITests */,
				FA624C922A4B6E8000705F19 /* Products */,
			);
			sourceTree = "<group>";
		};
		FA624C922A4B6E8000705F19 /* Products */ = {
			isa = PBXGroup;
			children = (
				FA624C912A4B6E8000705F19 /* WebView.app */,
				FA624CA72A4B6E8500705F19 /* WebViewTests.xctest */,
				FA624CB12A4B6E8500705F19 /* WebViewUITests.xctest */,
			);
			name = Products;
			sourceTree = "<group>";
		};
		FA624C932A4B6E8000705F19 /* WebView */ = {
			isa = PBXGroup;
			children = (
				FA624C942A4B6E8000705F19 /* AppDelegate.swift */,
				FA624C962A4B6E8000705F19 /* SceneDelegate.swift */,
				FA624C982A4B6E8000705F19 /* ViewController.swift */,
				FA624C9A2A4B6E8000705F19 /* Main.storyboard */,
				FA624C9D2A4B6E8500705F19 /* Assets.xcassets */,
				FA624C9F2A4B6E8500705F19 /* LaunchScreen.storyboard */,
				FA624CA22A4B6E8500705F19 /* Info.plist */,
			);
			path = WebView;
			sourceTree = "<group>";
		};
		FA624CAA2A4B6E8500705F19 /* WebViewTests */ = {
			isa = PBXGroup;
			children = (
				FA624CAB2A4B6E8500705F19 /* WebViewTests.swift */,
			);
			path = WebViewTests;
			sourceTree = "<group>";
		};
		FA624CB42A4B6E8500705F19 /* WebViewUITests */ = {
			isa = PBXGroup;
			children = (
				FA624CB52A4B6E8500705F19 /* WebViewUITests.swift */,
				FA624CB72A4B6E8500705F19 /* WebViewUITestsLaunchTests.swift */,
			);
			path = WebViewUITests;
			sourceTree = "<group>";
		};
/* End PBXGroup section */

/* Begin PBXNativeTarget section */
		FA624C902A4B6E8000705F19 /* WebView */ = {
			isa = PBXNativeTarget;
			buildConfigurationList = FA624CBB2A4B6E8500705F19 /* Build configuration list for PBXNativeTarget "WebView" */;
			buildPhases = (
				FA624C8D2A4B6E8000705F19 /* Sources */,
				FA624C8E2A4B6E8000705F19 /* Frameworks */,
				FA624C8F2A4B6E8000705F19 /* Resources */,
			);
			buildRules = (
			);
			dependencies = (
			);
			name = WebView;
			productName = WebView;
			productReference = FA624C912A4B6E8000705F19 /* WebView.app */;
			productType = "com.apple.product-type.application";
		};
		FA624CA62A4B6E8500705F19 /* WebViewTests */ = {
			isa = PBXNativeTarget;
			buildConfigurationList = FA624CBE2A4B6E8500705F19 /* Build configuration list for PBXNativeTarget "WebViewTests" */;
			buildPhases = (
				FA624CA32A4B6E8500705F19 /* Sources */,
				FA624CA42A4B6E8500705F19 /* Frameworks */,
				FA624CA52A4B6E8500705F19 /* Resources */,
			);
			buildRules = (
			);
			dependencies = (
				FA624CA92A4B6E8500705F19 /* PBXTargetDependency */,
			);
			name = WebViewTests;
			productName = WebViewTests;
			productReference = FA624CA72A4B6E8500705F19 /* WebViewTests.xctest */;
			productType = "com.apple.product-type.bundle.unit-test";
		};
		FA624CB02A4B6E8500705F19 /* WebViewUITests */ = {
			isa = PBXNativeTarget;
			buildConfigurationList = FA624CC12A4B6E8500705F19 /* Build configuration list for PBXNativeTarget "WebViewUITests" */;
			buildPhases = (
				FA624CAD2A4B6E8500705F19 /* Sources */,
				FA624CAE2A4B6E8500705F19 /* Frameworks */,
				FA624CAF2A4B6E8500705F19 /* Resources */,
			);
			buildRules = (
			);
			dependencies = (
				FA624CB32A4B6E8500705F19 /* PBXTargetDependency */,
			);
			name = WebViewUITests;
			productName = WebViewUITests;
			productReference = FA624CB12A4B6E8500705F19 /* WebViewUITests.xctest */;
			productType = "com.apple.product-type.bundle.ui-testing";
		};
/* End PBXNativeTarget section */

/* Begin PBXProject section */
		FA624C892A4B6E8000705F19 /* Project object */ = {
			isa = PBXProject;
			attributes = {
				BuildIndependentTargetsInParallel = 1;
				LastSwiftUpdateCheck = 1320;
				LastUpgradeCheck = 1320;
				TargetAttributes = {
					FA624C902A4B6E8000705F19 = {
						CreatedOnToolsVersion = 13.2.1;
					};
					FA624CA62A4B6E8500705F19 = {
						CreatedOnToolsVersion = 13.2.1;
						TestTargetID = FA624C902A4B6E8000705F19;
					};
					FA624CB02A4B6E8500705F19 = {
						CreatedOnToolsVersion = 13.2.1;
						TestTargetID = FA624C902A4B6E8000705F19;
					};
				};
			};
			buildConfigurationList = FA624C8C2A4B6E8000705F19 /* Build configuration list for PBXProject "WebView" */;
			compatibilityVersion = "Xcode 13.0";
			developmentRegion = en;
			hasScannedForEncodings = 0;
			knownRegions = (
				en,
				Base,
			);
			mainGroup = FA624C882A4B6E8000705F19;
			productRefGroup = FA624C922A4B6E8000705F19 /* Products */;
			projectDirPath = "";
			projectRoot = "";
			targets = (
				FA624C902A4B6E8000705F19 /* WebView */,
				FA624CA62A4B6E8500705F19 /* WebViewTests */,
				FA624CB02A4B6E8500705F19 /* WebViewUITests */,
			);
		};
/* End PBXProject section */

/* Begin PBXResourcesBuildPhase section */
		FA624C8F2A4B6E8000705F19 /* Resources */ = {
			isa = PBXResourcesBuildPhase;
			buildActionMask = 2147483647;
			files = (
				FA624CA12A4B6E8500705F19 /* LaunchScreen.storyboard in Resources */,
				FA624C9E2A4B6E8500705F19 /* Assets.xcassets in Resources */,
				FA624C9C2A4B6E8000705F19 /* Main.storyboard in Resources */,
			);
			runOnlyForDeploymentPostprocessing = 0;
		};
		FA624CA52A4B6E8500705F19 /* Resources */ = {
			isa = PBXResourcesBuildPhase;
			buildActionMask = 2147483647;
			files = (
			);
			runOnlyForDeploymentPostprocessing = 0;
		};
		FA624CAF2A4B6E8500705F19 /* Resources */ = {
			isa = PBXResourcesBuildPhase;
			buildActionMask = 2147483647;
			files = (
			);
			runOnlyForDeploymentPostprocessing = 0;
		};
/* End PBXResourcesBuildPhase section */

/* Begin PBXSourcesBuildPhase section */
		FA624C8D2A4B6E8000705F19 /* Sources */ = {
			isa = PBXSourcesBuildPhase;
			buildActionMask = 2147483647;
			files = (
				FA624C992A4B6E8000705F19 /* ViewController.swift in Sources */,
				FA624C952A4B6E8000705F19 /* AppDelegate.swift in Sources */,
				FA624C972A4B6E8000705F19 /* SceneDelegate.swift in Sources */,
			);
			runOnlyForDeploymentPostprocessing = 0;
		};
		FA624CA32A4B6E8500705F19 /* Sources */ = {
			isa = PBXSourcesBuildPhase;
			buildActionMask = 2147483647;
			files = (
				FA624CAC2A4B6E8500705F19 /* WebViewTests.swift in Sources */,
			);
			runOnlyForDeploymentPostprocessing = 0;
		};
		FA624CAD2A4B6E8500705F19 /* Sources */ = {
			isa = PBXSourcesBuildPhase;
			buildActionMask = 2147483647;
			files = (
				FA624CB82A4B6E8500705F19 /* WebViewUITestsLaunchTests.swift in Sources */,
				FA624CB62A4B6E8500705F19 /* WebViewUITests.swift in Sources */,
			);
			runOnlyForDeploymentPostprocessing = 0;
		};
/* End PBXSourcesBuildPhase section */

/* Begin PBXTargetDependency section */
		FA624CA92A4B6E8500705F19 /* PBXTargetDependency */ = {
			isa = PBXTargetDependency;
			target = FA624C902A4B6E8000705F19 /* WebView */;
			targetProxy = FA624CA82A4B6E8500705F19 /* PBXContainerItemProxy */;
		};
		FA624CB32A4B6E8500705F19 /* PBXTargetDependency */ = {
			isa = PBXTargetDependency;
			target = FA624C902A4B6E8000705F19 /* WebView */;
			targetProxy = FA624CB22A4B6E8500705F19 /* PBXContainerItemProxy */;
		};
/* End PBXTargetDependency section */

/* Begin PBXVariantGroup section */
		FA624C9A2A4B6E8000705F19 /* Main.storyboard */ = {
			isa = PBXVariantGroup;
			children = (
				FA624C9B2A4B6E8000705F19 /* Base */,
			);
			name = Main.storyboard;
			sourceTree = "<group>";
		};
		FA624C9F2A4B6E8500705F19 /* LaunchScreen.storyboard */ = {
			isa = PBXVariantGroup;
			children = (
				FA624CA02A4B6E8500705F19 /* Base */,
			);
			name = LaunchScreen.storyboard;
			sourceTree = "<group>";
		};
/* End PBXVariantGroup section */

/* Begin XCBuildConfiguration section */
		FA624CB92A4B6E8500705F19 /* Debug */ = {
			isa = XCBuildConfiguration;
			buildSettings = {
				ALWAYS_SEARCH_USER_PATHS = NO;
				CLANG_ANALYZER_NONNULL = YES;
				CLANG_ANALYZER_NUMBER_OBJECT_CONVERSION = YES_AGGRESSIVE;
				CLANG_CXX_LANGUAGE_STANDARD = "gnu++17";
				CLANG_CXX_LIBRARY = "libc++";
				CLANG_ENABLE_MODULES = YES;
				CLANG_ENABLE_OBJC_ARC = YES;
				CLANG_ENABLE_OBJC_WEAK = YES;
				CLANG_WARN_BLOCK_CAPTURE_AUTORELEASING = YES;
				CLANG_WARN_BOOL_CONVERSION = YES;
				CLANG_WARN_COMMA = YES;
				CLANG_WARN_CONSTANT_CONVERSION = YES;
				CLANG_WARN_DEPRECATED_OBJC_IMPLEMENTATIONS = YES;
				CLANG_WARN_DIRECT_OBJC_ISA_USAGE = YES_ERROR;
				CLANG_WARN_DOCUMENTATION_COMMENTS = YES;
				CLANG_WARN_EMPTY_BODY = YES;
				CLANG_WARN_ENUM_CONVERSION = YES;
				CLANG_WARN_INFINITE_RECURSION = YES;
				CLANG_WARN_INT_CONVERSION = YES;
				CLANG_WARN_NON_LITERAL_NULL_CONVERSION = YES;
				CLANG_WARN_OBJC_IMPLICIT_RETAIN_SELF = YES;
				CLANG_WARN_OBJC_LITERAL_CONVERSION = YES;
				CLANG_WARN_OBJC_ROOT_CLASS = YES_ERROR;
				CLANG_WARN_QUOTED_INCLUDE_IN_FRAMEWORK_HEADER = YES;
				CLANG_WARN_RANGE_LOOP_ANALYSIS = YES;
				CLANG_WARN_STRICT_PROTOTYPES = YES;
				CLANG_WARN_SUSPICIOUS_MOVE = YES;
				CLANG_WARN_UNGUARDED_AVAILABILITY = YES_AGGRESSIVE;
				CLANG_WARN_UNREACHABLE_CODE = YES;
				CLANG_WARN__DUPLICATE_METHOD_MATCH = YES;
				COPY_PHASE_STRIP = NO;
				DEBUG_INFORMATION_FORMAT = dwarf;
				ENABLE_STRICT_OBJC_MSGSEND = YES;
				ENABLE_TESTABILITY = YES;
				GCC_C_LANGUAGE_STANDARD = gnu11;
				GCC_DYNAMIC_NO_PIC = NO;
				GCC_NO_COMMON_BLOCKS = YES;
				GCC_OPTIMIZATION_LEVEL = 0;
				GCC_PREPROCESSOR_DEFINITIONS = (
					"DEBUG=1",
					"$(inherited)",
				);
				GCC_WARN_64_TO_32_BIT_CONVERSION = YES;
				GCC_WARN_ABOUT_RETURN_TYPE = YES_ERROR;
				GCC_WARN_UNDECLARED_SELECTOR = YES;
				GCC_WARN_UNINITIALIZED_AUTOS = YES_AGGRESSIVE;
				GCC_WARN_UNUSED_FUNCTION = YES;
				GCC_WARN_UNUSED_VARIABLE = YES;
				IPHONEOS_DEPLOYMENT_TARGET = 15.2;
				MTL_ENABLE_DEBUG_INFO = INCLUDE_SOURCE;
				MTL_FAST_MATH = YES;
				ONLY_ACTIVE_ARCH = YES;
				SDKROOT = iphoneos;
				SWIFT_ACTIVE_COMPILATION_CONDITIONS = DEBUG;
				SWIFT_OPTIMIZATION_LEVEL = "-Onone";
			};
			name = Debug;
		};
		FA624CBA2A4B6E8500705F19 /* Release */ = {
			isa = XCBuildConfiguration;
			buildSettings = {
				ALWAYS_SEARCH_USER_PATHS = NO;
				CLANG_ANALYZER_NONNULL = YES;
				CLANG_ANALYZER_NUMBER_OBJECT_CONVERSION = YES_AGGRESSIVE;
				CLANG_CXX_LANGUAGE_STANDARD = "gnu++17";
				CLANG_CXX_LIBRARY = "libc++";
				CLANG_ENABLE_MODULES = YES;
				CLANG_ENABLE_OBJC_ARC = YES;
				CLANG_ENABLE_OBJC_WEAK = YES;
				CLANG_WARN_BLOCK_CAPTURE_AUTORELEASING = YES;
				CLANG_WARN_BOOL_CONVERSION = YES;
				CLANG_WARN_COMMA = YES;
				CLANG_WARN_CONSTANT_CONVERSION = YES;
				CLANG_WARN_DEPRECATED_OBJC_IMPLEMENTATIONS = YES;
				CLANG_WARN_DIRECT_OBJC_ISA_USAGE = YES_ERROR;
				CLANG_WARN_DOCUMENTATION_COMMENTS = YES;
				CLANG_WARN_EMPTY_BODY = YES;
				CLANG_WARN_ENUM_CONVERSION = YES;
				CLANG_WARN_INFINITE_RECURSION = YES;
				CLANG_WARN_INT_CONVERSION = YES;
				CLANG_WARN_NON_LITERAL_NULL_CONVERSION = YES;
				CLANG_WARN_OBJC_IMPLICIT_RETAIN_SELF = YES;
				CLANG_WARN_OBJC_LITERAL_CONVERSION = YES;
				CLANG_WARN_OBJC_ROOT_CLASS = YES_ERROR;
				CLANG_WARN_QUOTED_INCLUDE_IN_FRAMEWORK_HEADER = YES;
				CLANG_WARN_RANGE_LOOP_ANALYSIS = YES;
				CLANG_WARN_STRICT_PROTOTYPES = YES;
				CLANG_WARN_SUSPICIOUS_MOVE = YES;
				CLANG_WARN_UNGUARDED_AVAILABILITY = YES_AGGRESSIVE;
				CLANG_WARN_UNREACHABLE_CODE = YES;
				CLANG_WARN__DUPLICATE_METHOD_MATCH = YES;
				COPY_PHASE_STRIP = NO;
				DEBUG_INFORMATION_FORMAT = "dwarf-with-dsym";
				ENABLE_NS_ASSERTIONS = NO;
				ENABLE_STRICT_OBJC_MSGSEND = YES;
				GCC_C_LANGUAGE_STANDARD = gnu11;
				GCC_NO_COMMON_BLOCKS = YES;
				GCC_WARN_64_TO_32_BIT_CONVERSION = YES;
				GCC_WARN_ABOUT_RETURN_TYPE = YES_ERROR;
				GCC_WARN_UNDECLARED_SELECTOR = YES;
				GCC_WARN_UNINITIALIZED_AUTOS = YES_AGGRESSIVE;
				GCC_WARN_UNUSED_FUNCTION = YES;
				GCC_WARN_UNUSED_VARIABLE = YES;
				IPHONEOS_DEPLOYMENT_TARGET = 15.2;
				MTL_ENABLE_DEBUG_INFO = NO;
				MTL_FAST_MATH = YES;
				SDKROOT = iphoneos;
				SWIFT_COMPILATION_MODE = wholemodule;
				SWIFT_OPTIMIZATION_LEVEL = "-O";
				VALIDATE_PRODUCT = YES;
			};
			name = Release;
		};
		FA624CBC2A4B6E8500705F19 /* Debug */ = {
			isa = XCBuildConfiguration;
			buildSettings = {
				ASSETCATALOG_COMPILER_APPICON_NAME = AppIcon;
				ASSETCATALOG_COMPILER_GLOBAL_ACCENT_COLOR_NAME = AccentColor;
				CODE_SIGN_STYLE = Automatic;
				CURRENT_PROJECT_VERSION = 1;
				DEVELOPMENT_TEAM = 9Z2997S8AV;
				GENERATE_INFOPLIST_FILE = YES;
				INFOPLIST_FILE = WebView/Info.plist;
				INFOPLIST_KEY_UIApplicationSupportsIndirectInputEvents = YES;
				INFOPLIST_KEY_UILaunchStoryboardName = LaunchScreen;
				INFOPLIST_KEY_UIMainStoryboardFile = Main;
				INFOPLIST_KEY_UISupportedInterfaceOrientations_iPad = "UIInterfaceOrientationPortrait UIInterfaceOrientationPortraitUpsideDown UIInterfaceOrientationLandscapeLeft UIInterfaceOrientationLandscapeRight";
				INFOPLIST_KEY_UISupportedInterfaceOrientations_iPhone = "UIInterfaceOrientationPortrait UIInterfaceOrientationLandscapeLeft UIInterfaceOrientationLandscapeRight";
				LD_RUNPATH_SEARCH_PATHS = (
					"$(inherited)",
					"@executable_path/Frameworks",
				);
				MARKETING_VERSION = 1.0;
				PRODUCT_BUNDLE_IDENTIFIER = mac.WebView;
				PRODUCT_NAME = "$(TARGET_NAME)";
				SWIFT_EMIT_LOC_STRINGS = YES;
				SWIFT_VERSION = 5.0;
				TARGETED_DEVICE_FAMILY = "1,2";
			};
			name = Debug;
		};
		FA624CBD2A4B6E8500705F19 /* Release */ = {
			isa = XCBuildConfiguration;
			buildSettings = {
				ASSETCATALOG_COMPILER_APPICON_NAME = AppIcon;
				ASSETCATALOG_COMPILER_GLOBAL_ACCENT_COLOR_NAME = AccentColor;
				CODE_SIGN_STYLE = Automatic;
				CURRENT_PROJECT_VERSION = 1;
				DEVELOPMENT_TEAM = 9Z2997S8AV;
				GENERATE_INFOPLIST_FILE = YES;
				INFOPLIST_FILE = WebView/Info.plist;
				INFOPLIST_KEY_UIApplicationSupportsIndirectInputEvents = YES;
				INFOPLIST_KEY_UILaunchStoryboardName = LaunchScreen;
				INFOPLIST_KEY_UIMainStoryboardFile = Main;
				INFOPLIST_KEY_UISupportedInterfaceOrientations_iPad = "UIInterfaceOrientationPortrait UIInterfaceOrientationPortraitUpsideDown UIInterfaceOrientationLandscapeLeft UIInterfaceOrientationLandscapeRight";
				INFOPLIST_KEY_UISupportedInterfaceOrientations_iPhone = "UIInterfaceOrientationPortrait UIInterfaceOrientationLandscapeLeft UIInterfaceOrientationLandscapeRight";
				LD_RUNPATH_SEARCH_PATHS = (
					"$(inherited)",
					"@executable_path/Frameworks",
				);
				MARKETING_VERSION = 1.0;
				PRODUCT_BUNDLE_IDENTIFIER = mac.WebView;
				PRODUCT_NAME = "$(TARGET_NAME)";
				SWIFT_EMIT_LOC_STRINGS = YES;
				SWIFT_VERSION = 5.0;
				TARGETED_DEVICE_FAMILY = "1,2";
			};
			name = Release;
		};
		FA624CBF2A4B6E8500705F19 /* Debug */ = {
			isa = XCBuildConfiguration;
			buildSettings = {
				ALWAYS_EMBED_SWIFT_STANDARD_LIBRARIES = YES;
				BUNDLE_LOADER = "$(TEST_HOST)";
				CODE_SIGN_STYLE = Automatic;
				CURRENT_PROJECT_VERSION = 1;
				DEVELOPMENT_TEAM = 9Z2997S8AV;
				GENERATE_INFOPLIST_FILE = YES;
				IPHONEOS_DEPLOYMENT_TARGET = 15.2;
				MARKETING_VERSION = 1.0;
				PRODUCT_BUNDLE_IDENTIFIER = mac.WebViewTests;
				PRODUCT_NAME = "$(TARGET_NAME)";
				SWIFT_EMIT_LOC_STRINGS = NO;
				SWIFT_VERSION = 5.0;
				TARGETED_DEVICE_FAMILY = "1,2";
				TEST_HOST = "$(BUILT_PRODUCTS_DIR)/WebView.app/WebView";
			};
			name = Debug;
		};
		FA624CC02A4B6E8500705F19 /* Release */ = {
			isa = XCBuildConfiguration;
			buildSettings = {
				ALWAYS_EMBED_SWIFT_STANDARD_LIBRARIES = YES;
				BUNDLE_LOADER = "$(TEST_HOST)";
				CODE_SIGN_STYLE = Automatic;
				CURRENT_PROJECT_VERSION = 1;
				DEVELOPMENT_TEAM = 9Z2997S8AV;
				GENERATE_INFOPLIST_FILE = YES;
				IPHONEOS_DEPLOYMENT_TARGET = 15.2;
				MARKETING_VERSION = 1.0;
				PRODUCT_BUNDLE_IDENTIFIER = mac.WebViewTests;
				PRODUCT_NAME = "$(TARGET_NAME)";
				SWIFT_EMIT_LOC_STRINGS = NO;
				SWIFT_VERSION = 5.0;
				TARGETED_DEVICE_FAMILY = "1,2";
				TEST_HOST = "$(BUILT_PRODUCTS_DIR)/WebView.app/WebView";
			};
			name = Release;
		};
		FA624CC22A4B6E8500705F19 /* Debug */ = {
			isa = XCBuildConfiguration;
			buildSettings = {
				ALWAYS_EMBED_SWIFT_STANDARD_LIBRARIES = YES;
				CODE_SIGN_STYLE = Automatic;
				CURRENT_PROJECT_VERSION = 1;
				DEVELOPMENT_TEAM = 9Z2997S8AV;
				GENERATE_INFOPLIST_FILE = YES;
				MARKETING_VERSION = 1.0;
				PRODUCT_BUNDLE_IDENTIFIER = mac.WebViewUITests;
				PRODUCT_NAME = "$(TARGET_NAME)";
				SWIFT_EMIT_LOC_STRINGS = NO;
				SWIFT_VERSION = 5.0;
				TARGETED_DEVICE_FAMILY = "1,2";
				TEST_TARGET_NAME = WebView;
			};
			name = Debug;
		};
		FA624CC32A4B6E8500705F19 /* Release */ = {
			isa = XCBuildConfiguration;
			buildSettings = {
				ALWAYS_EMBED_SWIFT_STANDARD_LIBRARIES = YES;
				CODE_SIGN_STYLE = Automatic;
				CURRENT_PROJECT_VERSION = 1;
				DEVELOPMENT_TEAM = 9Z2997S8AV;
				GENERATE_INFOPLIST_FILE = YES;
				MARKETING_VERSION = 1.0;
				PRODUCT_BUNDLE_IDENTIFIER = mac.WebViewUITests;
				PRODUCT_NAME = "$(TARGET_NAME)";
				SWIFT_EMIT_LOC_STRINGS = NO;
				SWIFT_VERSION = 5.0;
				TARGETED_DEVICE_FAMILY = "1,2";
				TEST_TARGET_NAME = WebView;
			};
			name = Release;
		};
/* End XCBuildConfiguration section */

/* Begin XCConfigurationList section */
		FA624C8C2A4B6E8000705F19 /* Build configuration list for PBXProject "WebView" */ = {
			isa = XCConfigurationList;
			buildConfigurations = (
				FA624CB92A4B6E8500705F19 /* Debug */,
				FA624CBA2A4B6E8500705F19 /* Release */,
			);
			defaultConfigurationIsVisible = 0;
			defaultConfigurationName = Release;
		};
		FA624CBB2A4B6E8500705F19 /* Build configuration list for PBXNativeTarget "WebView" */ = {
			isa = XCConfigurationList;
			buildConfigurations = (
				FA624CBC2A4B6E8500705F19 /* Debug */,
				FA624CBD2A4B6E8500705F19 /* Release */,
			);
			defaultConfigurationIsVisible = 0;
			defaultConfigurationName = Release;
		};
		FA624CBE2A4B6E8500705F19 /* Build configuration list for PBXNativeTarget "WebViewTests" */ = {
			isa = XCConfigurationList;
			buildConfigurations = (
				FA624CBF2A4B6E8500705F19 /* Debug */,
				FA624CC02A4B6E8500705F19 /* Release */,
			);
			defaultConfigurationIsVisible = 0;
			defaultConfigurationName = Release;
		};
		FA624CC12A4B6E8500705F19 /* Build configuration list for PBXNativeTarget "WebViewUITests" */ = {
			isa = XCConfigurationList;
			buildConfigurations = (
				FA624CC22A4B6E8500705F19 /* Debug */,
				FA624CC32A4B6E8500705F19 /* Release */,
			);
			defaultConfigurationIsVisible = 0;
			defaultConfigurationName = Release;
		};
/* End XCConfigurationList section */
	};
	rootObject = FA624C892A4B6E8000705F19 /* Project object */;
}
